
Microsoft Visual Studio Solution File, Format Version 12.00
# Visual Studio Version 16
VisualStudioVersion = 16.0.29230.61
MinimumVisualStudioVersion = 10.0.40219.1
Project("{FAE04EC0-301F-11D3-BF4B-00C04F79EFBC}") = "MyLeasing.Common", "MyLeasing.Common\MyLeasing.Common.csproj", "{73CC1789-46DA-4FC0-A98C-A3FD8F550BE9}"
EndProject
Project("{FAE04EC0-301F-11D3-BF4B-00C04F79EFBC}") = "MyLeasing.Web", "MyLeasing.Web\MyLeasing.Web.csproj", "{69EBF433-082A-40A3-81AB-E23457624A55}"
EndProject
Global
	GlobalSection(SolutionConfigurationPlatforms) = preSolution
		Debug|Any CPU = Debug|Any CPU
		Release|Any CPU = Release|Any CPU
	EndGlobalSection
	GlobalSection(ProjectConfigurationPlatforms) = postSolution
		{73CC1789-46DA-4FC0-A98C-A3FD8F550BE9}.Debug|Any CPU.ActiveCfg = Debug|Any CPU
		{73CC1789-46DA-4FC0-A98C-A3FD8F550BE9}.Debug|Any CPU.Build.0 = Debug|Any CPU
		{73CC1789-46DA-4FC0-A98C-A3FD8F550BE9}.Release|Any CPU.ActiveCfg = Release|Any CPU
		{73CC1789-46DA-4FC0-A98C-A3FD8F550BE9}.Release|Any CPU.Build.0 = Release|Any CPU
		{69EBF433-082A-40A3-81AB-E23457624A55}.Debug|Any CPU.ActiveCfg = Debug|Any CPU
		{69EBF433-082A-40A3-81AB-E23457624A55}.Debug|Any CPU.Build.0 = Debug|Any CPU
		{69EBF433-082A-40A3-81AB-E23457624A55}.Release|Any CPU.ActiveCfg = Release|Any CPU
		{69EBF433-082A-40A3-81AB-E23457624A55}.Release|Any CPU.Build.0 = Release|Any CPU
	EndGlobalSection
	GlobalSection(SolutionProperties) = preSolution
		HideSolutionNode = FALSE
	EndGlobalSection
	GlobalSection(ExtensibilityGlobals) = postSolution
		SolutionGuid = {9128DEEB-3B84-4A21-9174-2752F8E1B720}
	EndGlobalSection
EndGlobal
